
Microsoft Visual Studio Solution File, Format Version 12.00
# Visual Studio 14
VisualStudioVersion = 14.0.22823.1
MinimumVisualStudioVersion = 10.0.40219.1
Project("{FAE04EC0-301F-11D3-BF4B-00C04F79EFBC}") = "LinqTVDB", "linqtv\LinqTVDB.csproj", "{A46FB62D-AD33-4CC7-ADAE-584BFEF8A294}"
EndProject
Project("{FAE04EC0-301F-11D3-BF4B-00C04F79EFBC}") = "tests", "tests\tests.csproj", "{EB82CACA-3A58-4882-9112-F6B15F113FB7}"
EndProject
Project("{2150E333-8FDC-42A3-9474-1A3956D46DE8}") = "Solution Items", "Solution Items", "{823172B6-0DEB-408C-AACA-C823F9192DB0}"
	ProjectSection(SolutionItems) = preProject
		readme.md = readme.md
	EndProjectSection
EndProject
Global
	GlobalSection(SolutionConfigurationPlatforms) = preSolution
		Debug|Any CPU = Debug|Any CPU
		Release|Any CPU = Release|Any CPU
	EndGlobalSection
	GlobalSection(ProjectConfigurationPlatforms) = postSolution
		{A46FB62D-AD33-4CC7-ADAE-584BFEF8A294}.Debug|Any CPU.ActiveCfg = Debug|Any CPU
		{A46FB62D-AD33-4CC7-ADAE-584BFEF8A294}.Debug|Any CPU.Build.0 = Debug|Any CPU
		{A46FB62D-AD33-4CC7-ADAE-584BFEF8A294}.Release|Any CPU.ActiveCfg = Release|Any CPU
		{A46FB62D-AD33-4CC7-ADAE-584BFEF8A294}.Release|Any CPU.Build.0 = Release|Any CPU
		{EB82CACA-3A58-4882-9112-F6B15F113FB7}.Debug|Any CPU.ActiveCfg = Debug|Any CPU
		{EB82CACA-3A58-4882-9112-F6B15F113FB7}.Debug|Any CPU.Build.0 = Debug|Any CPU
		{EB82CACA-3A58-4882-9112-F6B15F113FB7}.Release|Any CPU.ActiveCfg = Release|Any CPU
		{EB82CACA-3A58-4882-9112-F6B15F113FB7}.Release|Any CPU.Build.0 = Release|Any CPU
	EndGlobalSection
	GlobalSection(SolutionProperties) = preSolution
		HideSolutionNode = FALSE
	EndGlobalSection
EndGlobal
